{
  "name": "venik-server",
  "version": "1.0.0",
  "lockfileVersion": 1,
  "dependencies": {
    "accept": {
      "version": "2.1.4",
      "resolved": "https://registry.npmjs.org/accept/-/accept-2.1.4.tgz",
      "integrity": "sha1-iHr1TO7lx/RDBGGXHsQAxh0JrLs=",
      "dependencies": {
        "boom": {
          "version": "5.1.0",
          "resolved": "https://registry.npmjs.org/boom/-/boom-5.1.0.tgz",
          "integrity": "sha1-Awj6jpJM1tQtnDv0iDvcmPDnHfg="
        },
        "hoek": {
          "version": "4.1.1",
          "resolved": "https://registry.npmjs.org/hoek/-/hoek-4.1.1.tgz",
          "integrity": "sha1-nMVz/7ore0CPtenCoTeWvpTN3Ok="
        }
      }
    },
    "ammo": {
      "version": "2.0.4",
      "resolved": "https://registry.npmjs.org/ammo/-/ammo-2.0.4.tgz",
      "integrity": "sha1-v4CqshFpjqePY+9efxE91dnokX8=",
      "dependencies": {
        "boom": {
          "version": "5.1.0",
          "resolved": "https://registry.npmjs.org/boom/-/boom-5.1.0.tgz",
          "integrity": "sha1-Awj6jpJM1tQtnDv0iDvcmPDnHfg="
        },
        "hoek": {
          "version": "4.1.1",
          "resolved": "https://registry.npmjs.org/hoek/-/hoek-4.1.1.tgz",
          "integrity": "sha1-nMVz/7ore0CPtenCoTeWvpTN3Ok="
        }
      }
    },
    "ansi-regex": {
      "version": "https://registry.npmjs.org/ansi-regex/-/ansi-regex-0.2.1.tgz",
      "integrity": "sha1-DY6UaWej2BQ/k+JOKYUl/BsiNfk=",
      "dev": true
    },
    "ansi-styles": {
      "version": "https://registry.npmjs.org/ansi-styles/-/ansi-styles-1.1.0.tgz",
      "integrity": "sha1-6uy/Zs1waIJ2Cy9GkVgrj1XXp94=",
      "dev": true
    },
    "b64": {
      "version": "3.0.2",
      "resolved": "https://registry.npmjs.org/b64/-/b64-3.0.2.tgz",
      "integrity": "sha1-ep1gRmrfe43hFMvfZRpf38yQiU0="
    },
    "blipp": {
      "version": "https://registry.npmjs.org/blipp/-/blipp-2.3.0.tgz",
      "integrity": "sha1-hHeVTAFfbry6z5lLqJRnxnl6vdw=",
      "dev": true
    },
    "boom": {
      "version": "4.3.1",
      "resolved": "https://registry.npmjs.org/boom/-/boom-4.3.1.tgz",
      "integrity": "sha1-T4owBctKfjiJ90kDD9JbluAdLjE=",
      "dependencies": {
        "hoek": {
          "version": "4.1.1",
          "resolved": "https://registry.npmjs.org/hoek/-/hoek-4.1.1.tgz",
          "integrity": "sha1-nMVz/7ore0CPtenCoTeWvpTN3Ok="
        }
      }
    },
    "call": {
      "version": "4.0.2",
      "resolved": "https://registry.npmjs.org/call/-/call-4.0.2.tgz",
      "integrity": "sha1-33b19R7o3Ui4VqyEAPfmnm1zmcQ=",
      "dependencies": {
        "boom": {
          "version": "5.1.0",
          "resolved": "https://registry.npmjs.org/boom/-/boom-5.1.0.tgz",
          "integrity": "sha1-Awj6jpJM1tQtnDv0iDvcmPDnHfg="
        },
        "hoek": {
          "version": "4.1.1",
          "resolved": "https://registry.npmjs.org/hoek/-/hoek-4.1.1.tgz",
          "integrity": "sha1-nMVz/7ore0CPtenCoTeWvpTN3Ok="
        }
      }
    },
    "catbox": {
      "version": "7.1.4",
      "resolved": "https://registry.npmjs.org/catbox/-/catbox-7.1.4.tgz",
      "integrity": "sha1-ipUO0YtkuoCIwa4TLoXFhHnStsw=",
      "dependencies": {
        "boom": {
          "version": "5.1.0",
          "resolved": "https://registry.npmjs.org/boom/-/boom-5.1.0.tgz",
          "integrity": "sha1-Awj6jpJM1tQtnDv0iDvcmPDnHfg="
        },
        "hoek": {
          "version": "4.1.1",
          "resolved": "https://registry.npmjs.org/hoek/-/hoek-4.1.1.tgz",
          "integrity": "sha1-nMVz/7ore0CPtenCoTeWvpTN3Ok="
        },
        "isemail": {
          "version": "2.2.1",
          "resolved": "https://registry.npmjs.org/isemail/-/isemail-2.2.1.tgz",
          "integrity": "sha1-A1PT2aYpUQgMJiwqoKQrjqjp4qY="
        },
        "joi": {
          "version": "10.5.2",
          "resolved": "https://registry.npmjs.org/joi/-/joi-10.5.2.tgz",
          "integrity": "sha512-Do/NXTokq86nvFfggE4UbwNnyzvALn3Ay+gMwQSAkrQoWTYc4LvkabhypVZiqDZq0TbtVhUpOphe4dmKB6/Pxg=="
        },
        "topo": {
          "version": "2.0.2",
          "resolved": "https://registry.npmjs.org/topo/-/topo-2.0.2.tgz",
          "integrity": "sha1-zVYVdSU5BXwNwEkaYhw7xvvh0YI="
        }
      }
    },
    "catbox-memory": {
      "version": "2.0.4",
      "resolved": "https://registry.npmjs.org/catbox-memory/-/catbox-memory-2.0.4.tgz",
      "integrity": "sha1-Qz4lWQLK9UIz0ShkKcj03xToItU=",
      "dependencies": {
        "hoek": {
          "version": "4.1.1",
          "resolved": "https://registry.npmjs.org/hoek/-/hoek-4.1.1.tgz",
          "integrity": "sha1-nMVz/7ore0CPtenCoTeWvpTN3Ok="
        }
      }
    },
    "chalk": {
      "version": "https://registry.npmjs.org/chalk/-/chalk-0.5.1.tgz",
      "integrity": "sha1-Zjs6ZItotV0EaQ1JFnqoN4WPIXQ=",
      "dev": true
    },
    "content": {
      "version": "3.0.4",
      "resolved": "https://registry.npmjs.org/content/-/content-3.0.4.tgz",
      "integrity": "sha1-yj3eBEgPElGbcVJuxEvUiN37P+8=",
      "dependencies": {
        "boom": {
          "version": "5.1.0",
          "resolved": "https://registry.npmjs.org/boom/-/boom-5.1.0.tgz",
          "integrity": "sha1-Awj6jpJM1tQtnDv0iDvcmPDnHfg="
        },
        "hoek": {
          "version": "4.1.1",
          "resolved": "https://registry.npmjs.org/hoek/-/hoek-4.1.1.tgz",
          "integrity": "sha1-nMVz/7ore0CPtenCoTeWvpTN3Ok="
        }
      }
    },
    "cryptiles": {
      "version": "3.1.2",
      "resolved": "https://registry.npmjs.org/cryptiles/-/cryptiles-3.1.2.tgz",
      "integrity": "sha1-qJ+7Ig9c4l7FboxKqKT9e1sNKf4=",
      "dependencies": {
        "boom": {
          "version": "5.1.0",
          "resolved": "https://registry.npmjs.org/boom/-/boom-5.1.0.tgz",
          "integrity": "sha1-Awj6jpJM1tQtnDv0iDvcmPDnHfg="
        },
        "hoek": {
          "version": "4.1.1",
          "resolved": "https://registry.npmjs.org/hoek/-/hoek-4.1.1.tgz",
          "integrity": "sha1-nMVz/7ore0CPtenCoTeWvpTN3Ok="
        }
      }
    },
    "escape-string-regexp": {
      "version": "https://registry.npmjs.org/escape-string-regexp/-/escape-string-regexp-1.0.5.tgz",
      "integrity": "sha1-G2HAViGQqN/2rjuyzwIAyhMLhtQ=",
      "dev": true
    },
    "hapi": {
      "version": "https://registry.npmjs.org/hapi/-/hapi-16.1.1.tgz",
      "integrity": "sha1-BGbbBwO6Fc0A8HF1zPOU2ctWseA=",
      "dependencies": {
        "hoek": {
          "version": "4.1.1",
          "resolved": "https://registry.npmjs.org/hoek/-/hoek-4.1.1.tgz",
          "integrity": "sha1-nMVz/7ore0CPtenCoTeWvpTN3Ok="
        },
        "isemail": {
          "version": "2.2.1",
          "resolved": "https://registry.npmjs.org/isemail/-/isemail-2.2.1.tgz",
          "integrity": "sha1-A1PT2aYpUQgMJiwqoKQrjqjp4qY="
        },
        "joi": {
          "version": "10.5.2",
          "resolved": "https://registry.npmjs.org/joi/-/joi-10.5.2.tgz",
          "integrity": "sha512-Do/NXTokq86nvFfggE4UbwNnyzvALn3Ay+gMwQSAkrQoWTYc4LvkabhypVZiqDZq0TbtVhUpOphe4dmKB6/Pxg=="
        },
        "topo": {
          "version": "2.0.2",
          "resolved": "https://registry.npmjs.org/topo/-/topo-2.0.2.tgz",
          "integrity": "sha1-zVYVdSU5BXwNwEkaYhw7xvvh0YI="
        }
      }
    },
    "has-ansi": {
      "version": "https://registry.npmjs.org/has-ansi/-/has-ansi-0.1.0.tgz",
      "integrity": "sha1-hPJlqujA5qiKEtcCKJS3VoiUxi4=",
      "dev": true
    },
    "heavy": {
      "version": "4.0.4",
      "resolved": "https://registry.npmjs.org/heavy/-/heavy-4.0.4.tgz",
      "integrity": "sha1-NskTNsAMz+hSyqTRUwhjNc0vAOk=",
      "dependencies": {
        "boom": {
          "version": "5.1.0",
          "resolved": "https://registry.npmjs.org/boom/-/boom-5.1.0.tgz",
          "integrity": "sha1-Awj6jpJM1tQtnDv0iDvcmPDnHfg="
        },
        "hoek": {
          "version": "4.1.1",
          "resolved": "https://registry.npmjs.org/hoek/-/hoek-4.1.1.tgz",
          "integrity": "sha1-nMVz/7ore0CPtenCoTeWvpTN3Ok="
        },
        "isemail": {
          "version": "2.2.1",
          "resolved": "https://registry.npmjs.org/isemail/-/isemail-2.2.1.tgz",
          "integrity": "sha1-A1PT2aYpUQgMJiwqoKQrjqjp4qY="
        },
        "joi": {
          "version": "10.5.2",
          "resolved": "https://registry.npmjs.org/joi/-/joi-10.5.2.tgz",
          "integrity": "sha512-Do/NXTokq86nvFfggE4UbwNnyzvALn3Ay+gMwQSAkrQoWTYc4LvkabhypVZiqDZq0TbtVhUpOphe4dmKB6/Pxg=="
        },
        "topo": {
          "version": "2.0.2",
          "resolved": "https://registry.npmjs.org/topo/-/topo-2.0.2.tgz",
          "integrity": "sha1-zVYVdSU5BXwNwEkaYhw7xvvh0YI="
        }
      }
    },
    "hoek": {
      "version": "https://registry.npmjs.org/hoek/-/hoek-2.16.3.tgz",
      "integrity": "sha1-ILt0A9POo5jpHcRxCo/xuCdKJe0=",
      "dev": true
    },
    "inert": {
      "version": "4.2.0",
      "resolved": "https://registry.npmjs.org/inert/-/inert-4.2.0.tgz",
      "integrity": "sha1-aqXajOGZgutyqr70vdpk/WdQsAU=",
      "dependencies": {
        "hoek": {
          "version": "4.1.1",
          "resolved": "https://registry.npmjs.org/hoek/-/hoek-4.1.1.tgz",
          "integrity": "sha1-nMVz/7ore0CPtenCoTeWvpTN3Ok="
        },
        "isemail": {
          "version": "2.2.1",
          "resolved": "https://registry.npmjs.org/isemail/-/isemail-2.2.1.tgz",
          "integrity": "sha1-A1PT2aYpUQgMJiwqoKQrjqjp4qY="
        },
        "joi": {
          "version": "10.5.2",
          "resolved": "https://registry.npmjs.org/joi/-/joi-10.5.2.tgz",
          "integrity": "sha512-Do/NXTokq86nvFfggE4UbwNnyzvALn3Ay+gMwQSAkrQoWTYc4LvkabhypVZiqDZq0TbtVhUpOphe4dmKB6/Pxg=="
        },
        "topo": {
          "version": "2.0.2",
          "resolved": "https://registry.npmjs.org/topo/-/topo-2.0.2.tgz",
          "integrity": "sha1-zVYVdSU5BXwNwEkaYhw7xvvh0YI="
        }
      }
    },
    "iron": {
      "version": "4.0.5",
      "resolved": "https://registry.npmjs.org/iron/-/iron-4.0.5.tgz",
      "integrity": "sha1-TwQszri5c480a1mqc0yDqJvDFCg=",
      "dependencies": {
        "boom": {
          "version": "5.1.0",
          "resolved": "https://registry.npmjs.org/boom/-/boom-5.1.0.tgz",
          "integrity": "sha1-Awj6jpJM1tQtnDv0iDvcmPDnHfg="
        },
        "hoek": {
          "version": "4.1.1",
          "resolved": "https://registry.npmjs.org/hoek/-/hoek-4.1.1.tgz",
          "integrity": "sha1-nMVz/7ore0CPtenCoTeWvpTN3Ok="
        }
      }
    },
    "isemail": {
      "version": "https://registry.npmjs.org/isemail/-/isemail-1.2.0.tgz",
      "integrity": "sha1-vgPfjMPineTSxd9lASY/H6RZXpo=",
      "dev": true
    },
    "items": {
      "version": "2.1.1",
      "resolved": "https://registry.npmjs.org/items/-/items-2.1.1.tgz",
      "integrity": "sha1-i9FtnIOxlSneWuoyGsqtp4NkoZg="
    },
    "joi": {
      "version": "https://registry.npmjs.org/joi/-/joi-6.10.1.tgz",
      "integrity": "sha1-TVDDGAeRIgAP5fFq8f+OGRe3fgY=",
      "dev": true
    },
    "lru-cache": {
      "version": "4.0.2",
      "resolved": "https://registry.npmjs.org/lru-cache/-/lru-cache-4.0.2.tgz",
      "integrity": "sha1-HRdnnAac2l0ECZGgnbwsDbN35V4="
    },
    "mime-db": {
      "version": "1.28.0",
      "resolved": "https://registry.npmjs.org/mime-db/-/mime-db-1.28.0.tgz",
      "integrity": "sha1-/t00m+BtKGW3/FfYN8beTxfXrDw="
    },
    "mimos": {
      "version": "3.0.3",
      "resolved": "https://registry.npmjs.org/mimos/-/mimos-3.0.3.tgz",
      "integrity": "sha1-uRCQcq03jCty9qAQHEPd+ys2ZB8=",
      "dependencies": {
        "hoek": {
          "version": "4.1.1",
          "resolved": "https://registry.npmjs.org/hoek/-/hoek-4.1.1.tgz",
          "integrity": "sha1-nMVz/7ore0CPtenCoTeWvpTN3Ok="
        }
      }
    },
    "moment": {
      "version": "https://registry.npmjs.org/moment/-/moment-2.18.1.tgz",
      "integrity": "sha1-w2GT3Tzhwu7SrbfIAtu8d6gbHA8=",
      "dev": true
    },
    "nigel": {
      "version": "2.0.2",
      "resolved": "https://registry.npmjs.org/nigel/-/nigel-2.0.2.tgz",
      "integrity": "sha1-k6GGb7DFLYc5CqdeKxYfS1x15bE=",
      "dependencies": {
        "hoek": {
          "version": "4.1.1",
          "resolved": "https://registry.npmjs.org/hoek/-/hoek-4.1.1.tgz",
          "integrity": "sha1-nMVz/7ore0CPtenCoTeWvpTN3Ok="
        }
      }
    },
    "pez": {
      "version": "2.1.5",
      "resolved": "https://registry.npmjs.org/pez/-/pez-2.1.5.tgz",
      "integrity": "sha1-XsLMYlAMw+tCNtSkFM9aF7XrUAc=",
      "dependencies": {
        "boom": {
          "version": "5.1.0",
          "resolved": "https://registry.npmjs.org/boom/-/boom-5.1.0.tgz",
          "integrity": "sha1-Awj6jpJM1tQtnDv0iDvcmPDnHfg="
        },
        "hoek": {
          "version": "4.1.1",
          "resolved": "https://registry.npmjs.org/hoek/-/hoek-4.1.1.tgz",
          "integrity": "sha1-nMVz/7ore0CPtenCoTeWvpTN3Ok="
        }
      }
    },
    "podium": {
      "version": "1.2.5",
      "resolved": "https://registry.npmjs.org/podium/-/podium-1.2.5.tgz",
      "integrity": "sha1-h8VmwvA2W88KHsdgLE0BlIzdKtU=",
      "dependencies": {
        "hoek": {
          "version": "4.1.1",
          "resolved": "https://registry.npmjs.org/hoek/-/hoek-4.1.1.tgz",
          "integrity": "sha1-nMVz/7ore0CPtenCoTeWvpTN3Ok="
        },
        "isemail": {
          "version": "2.2.1",
          "resolved": "https://registry.npmjs.org/isemail/-/isemail-2.2.1.tgz",
          "integrity": "sha1-A1PT2aYpUQgMJiwqoKQrjqjp4qY="
        },
        "joi": {
          "version": "10.5.2",
          "resolved": "https://registry.npmjs.org/joi/-/joi-10.5.2.tgz",
          "integrity": "sha512-Do/NXTokq86nvFfggE4UbwNnyzvALn3Ay+gMwQSAkrQoWTYc4LvkabhypVZiqDZq0TbtVhUpOphe4dmKB6/Pxg=="
        },
        "topo": {
          "version": "2.0.2",
          "resolved": "https://registry.npmjs.org/topo/-/topo-2.0.2.tgz",
          "integrity": "sha1-zVYVdSU5BXwNwEkaYhw7xvvh0YI="
        }
      }
    },
    "pseudomap": {
      "version": "1.0.2",
      "resolved": "https://registry.npmjs.org/pseudomap/-/pseudomap-1.0.2.tgz",
      "integrity": "sha1-8FKijacOYYkX7wqKw0wa5aaChrM="
    },
    "shot": {
      "version": "3.4.2",
      "resolved": "https://registry.npmjs.org/shot/-/shot-3.4.2.tgz",
      "integrity": "sha1-Hlw/bysmZJrcQvfrNQIUpaApHWc=",
      "dependencies": {
        "hoek": {
          "version": "4.1.1",
          "resolved": "https://registry.npmjs.org/hoek/-/hoek-4.1.1.tgz",
          "integrity": "sha1-nMVz/7ore0CPtenCoTeWvpTN3Ok="
        },
        "isemail": {
          "version": "2.2.1",
          "resolved": "https://registry.npmjs.org/isemail/-/isemail-2.2.1.tgz",
          "integrity": "sha1-A1PT2aYpUQgMJiwqoKQrjqjp4qY="
        },
        "joi": {
          "version": "10.5.2",
          "resolved": "https://registry.npmjs.org/joi/-/joi-10.5.2.tgz",
          "integrity": "sha512-Do/NXTokq86nvFfggE4UbwNnyzvALn3Ay+gMwQSAkrQoWTYc4LvkabhypVZiqDZq0TbtVhUpOphe4dmKB6/Pxg=="
        },
        "topo": {
          "version": "2.0.2",
          "resolved": "https://registry.npmjs.org/topo/-/topo-2.0.2.tgz",
          "integrity": "sha1-zVYVdSU5BXwNwEkaYhw7xvvh0YI="
        }
      }
    },
    "statehood": {
      "version": "5.0.2",
      "resolved": "https://registry.npmjs.org/statehood/-/statehood-5.0.2.tgz",
      "integrity": "sha1-xrO6oW7YsSHT8Jo/+oXiIZWn8qk=",
      "dependencies": {
        "boom": {
          "version": "5.1.0",
          "resolved": "https://registry.npmjs.org/boom/-/boom-5.1.0.tgz",
          "integrity": "sha1-Awj6jpJM1tQtnDv0iDvcmPDnHfg="
        },
        "hoek": {
          "version": "4.1.1",
          "resolved": "https://registry.npmjs.org/hoek/-/hoek-4.1.1.tgz",
          "integrity": "sha1-nMVz/7ore0CPtenCoTeWvpTN3Ok="
        },
        "isemail": {
          "version": "2.2.1",
          "resolved": "https://registry.npmjs.org/isemail/-/isemail-2.2.1.tgz",
          "integrity": "sha1-A1PT2aYpUQgMJiwqoKQrjqjp4qY="
        },
        "joi": {
          "version": "10.5.2",
          "resolved": "https://registry.npmjs.org/joi/-/joi-10.5.2.tgz",
          "integrity": "sha512-Do/NXTokq86nvFfggE4UbwNnyzvALn3Ay+gMwQSAkrQoWTYc4LvkabhypVZiqDZq0TbtVhUpOphe4dmKB6/Pxg=="
        },
        "topo": {
          "version": "2.0.2",
          "resolved": "https://registry.npmjs.org/topo/-/topo-2.0.2.tgz",
          "integrity": "sha1-zVYVdSU5BXwNwEkaYhw7xvvh0YI="
        }
      }
    },
    "strip-ansi": {
      "version": "https://registry.npmjs.org/strip-ansi/-/strip-ansi-0.3.0.tgz",
      "integrity": "sha1-JfSOoiynkYfzF0pNuHWTR7sSYiA=",
      "dev": true
    },
    "subtext": {
      "version": "4.4.1",
      "resolved": "https://registry.npmjs.org/subtext/-/subtext-4.4.1.tgz",
      "integrity": "sha1-L87JRd5CkoPD0YsVH/D6HxuHrsk=",
      "dependencies": {
        "boom": {
          "version": "5.1.0",
          "resolved": "https://registry.npmjs.org/boom/-/boom-5.1.0.tgz",
          "integrity": "sha1-Awj6jpJM1tQtnDv0iDvcmPDnHfg="
        },
        "hoek": {
          "version": "4.1.1",
          "resolved": "https://registry.npmjs.org/hoek/-/hoek-4.1.1.tgz",
          "integrity": "sha1-nMVz/7ore0CPtenCoTeWvpTN3Ok="
        }
      }
    },
    "supports-color": {
      "version": "https://registry.npmjs.org/supports-color/-/supports-color-0.2.0.tgz",
      "integrity": "sha1-2S3iaU6z9nMjlz1649i1W0wiGQo=",
      "dev": true
    },
    "topo": {
      "version": "https://registry.npmjs.org/topo/-/topo-1.1.0.tgz",
      "integrity": "sha1-6ddRYV0buH3IZdsYL6HKCl71NtU=",
      "dev": true
    },
    "vise": {
      "version": "2.0.2",
      "resolved": "https://registry.npmjs.org/vise/-/vise-2.0.2.tgz",
      "integrity": "sha1-awjo+0y3bjpQzW3Q7DczjoEaDTk=",
      "dependencies": {
        "hoek": {
          "version": "4.1.1",
          "resolved": "https://registry.npmjs.org/hoek/-/hoek-4.1.1.tgz",
          "integrity": "sha1-nMVz/7ore0CPtenCoTeWvpTN3Ok="
        }
      }
    },
    "wreck": {
      "version": "12.2.2",
      "resolved": "https://registry.npmjs.org/wreck/-/wreck-12.2.2.tgz",
      "integrity": "sha1-4hgj00w21nIATu+jR66MT2BQ49s=",
      "dependencies": {
        "boom": {
          "version": "5.1.0",
          "resolved": "https://registry.npmjs.org/boom/-/boom-5.1.0.tgz",
          "integrity": "sha1-Awj6jpJM1tQtnDv0iDvcmPDnHfg="
        },
        "hoek": {
          "version": "4.1.1",
          "resolved": "https://registry.npmjs.org/hoek/-/hoek-4.1.1.tgz",
          "integrity": "sha1-nMVz/7ore0CPtenCoTeWvpTN3Ok="
        }
      }
    },
    "yallist": {
      "version": "2.1.2",
      "resolved": "https://registry.npmjs.org/yallist/-/yallist-2.1.2.tgz",
      "integrity": "sha1-HBH5IY8HYImkfdUS+TxmmaaoHVI="
    }
  }
}
